
Microsoft Visual Studio Solution File, Format Version 12.00
# Visual Studio Version 16
VisualStudioVersion = 16.0.31911.196
MinimumVisualStudioVersion = 10.0.40219.1
Project("{FAE04EC0-301F-11D3-BF4B-00C04F79EFBC}") = "ScandinavianFood", "ScandinavianFood\ScandinavianFood.csproj", "{0BED0D9F-C30D-432A-8CBF-A59A0B84B16F}"
EndProject
Global
	GlobalSection(SolutionConfigurationPlatforms) = preSolution
		Debug|Any CPU = Debug|Any CPU
		Release|Any CPU = Release|Any CPU
	EndGlobalSection
	GlobalSection(ProjectConfigurationPlatforms) = postSolution
		{0BED0D9F-C30D-432A-8CBF-A59A0B84B16F}.Debug|Any CPU.ActiveCfg = Debug|Any CPU
		{0BED0D9F-C30D-432A-8CBF-A59A0B84B16F}.Debug|Any CPU.Build.0 = Debug|Any CPU
		{0BED0D9F-C30D-432A-8CBF-A59A0B84B16F}.Release|Any CPU.ActiveCfg = Release|Any CPU
		{0BED0D9F-C30D-432A-8CBF-A59A0B84B16F}.Release|Any CPU.Build.0 = Release|Any CPU
	EndGlobalSection
	GlobalSection(SolutionProperties) = preSolution
		HideSolutionNode = FALSE
	EndGlobalSection
	GlobalSection(ExtensibilityGlobals) = postSolution
		SolutionGuid = {2FF21AF3-5C1C-4A62-83BA-535016658D57}
	EndGlobalSection
EndGlobal
